
Microsoft Visual Studio Solution File, Format Version 12.00
# Visual Studio 15
VisualStudioVersion = 15.0.27428.2037
MinimumVisualStudioVersion = 10.0.40219.1
Project("{888888A0-9F3D-457C-B088-3A5042F75D52}") = "tensorflow-yolo-python2.7", "tensorflow-yolo-python2.7.pyproj", "{311649FE-0F83-491B-9FF2-B113DDC8FE40}"
EndProject
Global
	GlobalSection(SolutionConfigurationPlatforms) = preSolution
		Debug|Any CPU = Debug|Any CPU
		Release|Any CPU = Release|Any CPU
	EndGlobalSection
	GlobalSection(ProjectConfigurationPlatforms) = postSolution
		{311649FE-0F83-491B-9FF2-B113DDC8FE40}.Debug|Any CPU.ActiveCfg = Debug|Any CPU
		{311649FE-0F83-491B-9FF2-B113DDC8FE40}.Release|Any CPU.ActiveCfg = Release|Any CPU
	EndGlobalSection
	GlobalSection(SolutionProperties) = preSolution
		HideSolutionNode = FALSE
	EndGlobalSection
	GlobalSection(ExtensibilityGlobals) = postSolution
		SolutionGuid = {7253BE01-7A69-4568-BFF5-2E381136368B}
	EndGlobalSection
EndGlobal
